{
  "name": "@inboxapi/cli",
  "version": "0.2.17",
  "lockfileVersion": 3,
  "requires": true,
  "packages": {
    "": {
      "name": "@inboxapi/cli",
      "version": "0.2.17",
      "license": "MIT",
      "dependencies": {
        "@inboxapi/cli": "^0.2.17"
      },
      "bin": {
        "inboxapi": "index.js"
      },
      "optionalDependencies": {
        "@inboxapi/cli-darwin-arm64": "0.1.0",
        "@inboxapi/cli-darwin-x64": "0.1.0",
        "@inboxapi/cli-linux-arm64": "0.1.0",
        "@inboxapi/cli-linux-x64": "0.1.0",
        "@inboxapi/cli-win32-x64": "0.1.0"
      }
    },
    "node_modules/@inboxapi/cli": {
      "version": "0.2.17",
      "resolved": "https://registry.npmjs.org/@inboxapi/cli/-/cli-0.2.17.tgz",
      "integrity": "sha512-sVrmO4D0QsANb7AAUPkZxxXU9lULN5SX1NPOjNp8kJUdNXxkpBQTpgHNwtKTmfI6aEMQ7TWWahPtu5CxFVQMVQ==",
      "license": "MIT",
      "dependencies": {
        "@inboxapi/cli": "^0.2.15"
      },
      "bin": {
        "inboxapi": "index.js"
      },
      "optionalDependencies": {
        "@inboxapi/cli-darwin-arm64": "0.2.17",
        "@inboxapi/cli-darwin-x64": "0.2.17",
        "@inboxapi/cli-linux-arm64": "0.2.17",
        "@inboxapi/cli-linux-x64": "0.2.17",
        "@inboxapi/cli-win32-x64": "0.2.17"
      }
    },
    "node_modules/@inboxapi/cli-darwin-arm64": {
      "version": "0.1.0",
      "resolved": "https://registry.npmjs.org/@inboxapi/cli-darwin-arm64/-/cli-darwin-arm64-0.1.0.tgz",
      "integrity": "sha512-NM6yQCJsh8iygC56lzzDELPyn2QDlYSzlSd1u92llWOA1Eo7wCLmt4siRR6Q7wxP/goKcO2tkDRJvtljQH8PLQ==",
      "cpu": [
        "arm64"
      ],
      "license": "MIT",
      "optional": true,
      "os": [
        "darwin"
      ]
    },
    "node_modules/@inboxapi/cli-darwin-x64": {
      "version": "0.1.0",
      "resolved": "https://registry.npmjs.org/@inboxapi/cli-darwin-x64/-/cli-darwin-x64-0.1.0.tgz",
      "integrity": "sha512-Od49jT2LK58yN67Vqa8SPyZjaq5avan+JaHQNTROjCEObxu5gao3q85uLnqH4s84xMrk1gzMzjBgwvfgwcOS4w==",
      "cpu": [
        "x64"
      ],
      "license": "MIT",
      "optional": true,
      "os": [
        "darwin"
      ]
    },
    "node_modules/@inboxapi/cli-linux-arm64": {
      "version": "0.1.0",
      "resolved": "https://registry.npmjs.org/@inboxapi/cli-linux-arm64/-/cli-linux-arm64-0.1.0.tgz",
      "integrity": "sha512-KvRCLtN38n8CWtZSm5rfwWYyl33aSL4stHCT2GUE3VOb/LCyMBfHx8OOufQ3FCrw4hXK2cppcucVEN34hvxFHw==",
      "cpu": [
        "arm64"
      ],
      "license": "MIT",
      "optional": true,
      "os": [
        "linux"
      ]
    },
    "node_modules/@inboxapi/cli-linux-x64": {
      "version": "0.1.0",
      "resolved": "https://registry.npmjs.org/@inboxapi/cli-linux-x64/-/cli-linux-x64-0.1.0.tgz",
      "integrity": "sha512-feY+eUET7Ik+wtjx14g4BBd/1JLpHk/uWTygteLxHsVm/lVNGJGsWGoq/x3BxFGZzHnEFxAZPW1IwIaQoGgdhg==",
      "cpu": [
        "x64"
      ],
      "license": "MIT",
      "optional": true,
      "os": [
        "linux"
      ]
    },
    "node_modules/@inboxapi/cli-win32-x64": {
      "version": "0.1.0",
      "resolved": "https://registry.npmjs.org/@inboxapi/cli-win32-x64/-/cli-win32-x64-0.1.0.tgz",
      "integrity": "sha512-8iPHlUlfCV/oi9Dwcv5x9tbQF8uiJ+oqDcsZXQiqDhQrud8Nqtc96YSBAIo1I9n32bkUE8QcRQyM/VCKNyEnbA==",
      "cpu": [
        "x64"
      ],
      "license": "MIT",
      "optional": true,
      "os": [
        "win32"
      ]
    },
    "node_modules/@inboxapi/cli/node_modules/@inboxapi/cli-darwin-arm64": {
      "version": "0.2.17",
      "resolved": "https://registry.npmjs.org/@inboxapi/cli-darwin-arm64/-/cli-darwin-arm64-0.2.17.tgz",
      "integrity": "sha512-p80Vys88WlDLvVxyadPcqjujRT6GW0dR5VYtvg4nH7InhpkUzHlFKSWamSY+KGUYoy2sWdnrOv5m9hL4pQWD2Q==",
      "cpu": [
        "arm64"
      ],
      "license": "MIT",
      "optional": true,
      "os": [
        "darwin"
      ]
    },
    "node_modules/@inboxapi/cli/node_modules/@inboxapi/cli-darwin-x64": {
      "version": "0.2.17",
      "resolved": "https://registry.npmjs.org/@inboxapi/cli-darwin-x64/-/cli-darwin-x64-0.2.17.tgz",
      "integrity": "sha512-SEPam4B2qC2DDWCLIrlz2HqeoMy6wp7VBRNwPXdLoPJtjs6uMnub7QRyUs8fpo6ghAzKbl16dqfkMWBZOXWOyg==",
      "cpu": [
        "x64"
      ],
      "license": "MIT",
      "optional": true,
      "os": [
        "darwin"
      ]
    },
    "node_modules/@inboxapi/cli/node_modules/@inboxapi/cli-linux-arm64": {
      "version": "0.2.17",
      "resolved": "https://registry.npmjs.org/@inboxapi/cli-linux-arm64/-/cli-linux-arm64-0.2.17.tgz",
      "integrity": "sha512-u1+4AsyjAto6QrUelaUPafnI+MG1aTN+rxbaLxxhlSlGnsJSmuXLl6maS3WXONUJV/ku9hAme/YIZjUeD67MjQ==",
      "cpu": [
        "arm64"
      ],
      "license": "MIT",
      "optional": true,
      "os": [
        "linux"
      ]
    },
    "node_modules/@inboxapi/cli/node_modules/@inboxapi/cli-linux-x64": {
      "version": "0.2.17",
      "resolved": "https://registry.npmjs.org/@inboxapi/cli-linux-x64/-/cli-linux-x64-0.2.17.tgz",
      "integrity": "sha512-7YOfkjUF0mHs+sY0pb0nq2t7//o6RKfsP56baTTF5JlhlKzoVWuoOww2zTmE3/l4mEUT05zOpAGLaSFtDybH2A==",
      "cpu": [
        "x64"
      ],
      "license": "MIT",
      "optional": true,
      "os": [
        "linux"
      ]
    },
    "node_modules/@inboxapi/cli/node_modules/@inboxapi/cli-win32-x64": {
      "version": "0.2.17",
      "resolved": "https://registry.npmjs.org/@inboxapi/cli-win32-x64/-/cli-win32-x64-0.2.17.tgz",
      "integrity": "sha512-piln+WgpsJjw+W4rWE4W/yOrtg4IzRclVK4I+DAQbN/VT844J1S9JCH2HC6mWYtryWKOpKOpRM4FJGJ9OO3Dcg==",
      "cpu": [
        "x64"
      ],
      "license": "MIT",
      "optional": true,
      "os": [
        "win32"
      ]
    }
  }
}
